// !$*UTF8*$!
{
	archiveVersion = 1;
	classes = {
	};
	objectVersion = 50;
	objects = {

/* Begin PBXBuildFile section */
		F5834BF220AB4E2F002DF8BA /* AppDelegate.swift in Sources */ = {isa = PBXBuildFile; fileRef = F5834BF120AB4E2F002DF8BA /* AppDelegate.swift */; };
		F5834BF420AB4E2F002DF8BA /* ViewController.swift in Sources */ = {isa = PBXBuildFile; fileRef = F5834BF320AB4E2F002DF8BA /* ViewController.swift */; };
		F5834BF720AB4E2F002DF8BA /* Main.storyboard in Resources */ = {isa = PBXBuildFile; fileRef = F5834BF520AB4E2F002DF8BA /* Main.storyboard */; };
		F5834BF920AB4E36002DF8BA /* Assets.xcassets in Resources */ = {isa = PBXBuildFile; fileRef = F5834BF820AB4E36002DF8BA /* Assets.xcassets */; };
		F5834BFC20AB4E36002DF8BA /* LaunchScreen.storyboard in Resources */ = {isa = PBXBuildFile; fileRef = F5834BFA20AB4E36002DF8BA /* LaunchScreen.storyboard */; };
/* End PBXBuildFile section */

/* Begin PBXFileReference section */
		F5834BEE20AB4E2F002DF8BA /* VelkeiMiklosNYTMP.app */ = {isa = PBXFileReference; explicitFileType = wrapper.application; includeInIndex = 0; path = VelkeiMiklosNYTMP.app; sourceTree = BUILT_PRODUCTS_DIR; };
		F5834BF120AB4E2F002DF8BA /* AppDelegate.swift */ = {isa = PBXFileReference; lastKnownFileType = sourcecode.swift; path = AppDelegate.swift; sourceTree = "<group>"; };
		F5834BF320AB4E2F002DF8BA /* ViewController.swift */ = {isa = PBXFileReference; lastKnownFileType = sourcecode.swift; path = ViewController.swift; sourceTree = "<group>"; };
		F5834BF620AB4E2F002DF8BA /* Base */ = {isa = PBXFileReference; lastKnownFileType = file.storyboard; name = Base; path = Base.lproj/Main.storyboard; sourceTree = "<group>"; };
		F5834BF820AB4E36002DF8BA /* Assets.xcassets */ = {isa = PBXFileReference; lastKnownFileType = folder.assetcatalog; path = Assets.xcassets; sourceTree = "<group>"; };
		F5834BFB20AB4E36002DF8BA /* Base */ = {isa = PBXFileReference; lastKnownFileType = file.storyboard; name = Base; path = Base.lproj/LaunchScreen.storyboard; sourceTree = "<group>"; };
		F5834BFD20AB4E36002DF8BA /* Info.plist */ = {isa = PBXFileReference; lastKnownFileType = text.plist.xml; path = Info.plist; sourceTree = "<group>"; };
/* End PBXFileReference section */

/* Begin PBXFrameworksBuildPhase section */
		F5834BEB20AB4E2F002DF8BA /* Frameworks */ = {
			isa = PBXFrameworksBuildPhase;
			buildActionMask = 2147483647;
			files = (
			);
			runOnlyForDeploymentPostprocessing = 0;
		};
/* End PBXFrameworksBuildPhase section */

/* Begin PBXGroup section */
		F5834BE520AB4E2F002DF8BA = {
			isa = PBXGroup;
			children = (
				F5834BF020AB4E2F002DF8BA /* VelkeiMiklosNYTMP */,
				F5834BEF20AB4E2F002DF8BA /* Products */,
			);
			sourceTree = "<group>";
		};
		F5834BEF20AB4E2F002DF8BA /* Products */ = {
			isa = PBXGroup;
			children = (
				F5834BEE20AB4E2F002DF8BA /* VelkeiMiklosNYTMP.app */,
			);
			name = Products;
			sourceTree = "<group>";
		};
		F5834BF020AB4E2F002DF8BA /* VelkeiMiklosNYTMP */ = {
			isa = PBXGroup;
			children = (
				F5834BF120AB4E2F002DF8BA /* AppDelegate.swift */,
				F5834BF320AB4E2F002DF8BA /* ViewController.swift */,
				F5834BF520AB4E2F002DF8BA /* Main.storyboard */,
				F5834BF820AB4E36002DF8BA /* Assets.xcassets */,
				F5834BFA20AB4E36002DF8BA /* LaunchScreen.storyboard */,
				F5834BFD20AB4E36002DF8BA /* Info.plist */,
			);
			path = VelkeiMiklosNYTMP;
			sourceTree = "<group>";
		};
/* End PBXGroup section */

/* Begin PBXNativeTarget section */
		F5834BED20AB4E2F002DF8BA /* VelkeiMiklosNYTMP */ = {
			isa = PBXNativeTarget;
			buildConfigurationList = F5834C0020AB4E36002DF8BA /* Build configuration list for PBXNativeTarget "VelkeiMiklosNYTMP" */;
			buildPhases = (
				F5834BEA20AB4E2F002DF8BA /* Sources */,
				F5834BEB20AB4E2F002DF8BA /* Frameworks */,
				F5834BEC20AB4E2F002DF8BA /* Resources */,
			);
			buildRules = (
			);
			dependencies = (
			);
			name = VelkeiMiklosNYTMP;
			productName = VelkeiMiklosNYTMP;
			productReference = F5834BEE20AB4E2F002DF8BA /* VelkeiMiklosNYTMP.app */;
			productType = "com.apple.product-type.application";
		};
/* End PBXNativeTarget section */

/* Begin PBXProject section */
		F5834BE620AB4E2F002DF8BA /* Project object */ = {
			isa = PBXProject;
			attributes = {
				LastSwiftUpdateCheck = 0930;
				LastUpgradeCheck = 0930;
				ORGANIZATIONNAME = NeonatCore;
				TargetAttributes = {
					F5834BED20AB4E2F002DF8BA = {
						CreatedOnToolsVersion = 9.3;
					};
				};
			};
			buildConfigurationList = F5834BE920AB4E2F002DF8BA /* Build configuration list for PBXProject "VelkeiMiklosNYTMP" */;
			compatibilityVersion = "Xcode 9.3";
			developmentRegion = en;
			hasScannedForEncodings = 0;
			knownRegions = (
				en,
				Base,
			);
			mainGroup = F5834BE520AB4E2F002DF8BA;
			productRefGroup = F5834BEF20AB4E2F002DF8BA /* Products */;
			projectDirPath = "";
			projectRoot = "";
			targets = (
				F5834BED20AB4E2F002DF8BA /* VelkeiMiklosNYTMP */,
			);
		};
/* End PBXProject section */

/* Begin PBXResourcesBuildPhase section */
		F5834BEC20AB4E2F002DF8BA /* Resources */ = {
			isa = PBXResourcesBuildPhase;
			buildActionMask = 2147483647;
			files = (
				F5834BFC20AB4E36002DF8BA /* LaunchScreen.storyboard in Resources */,
				F5834BF920AB4E36002DF8BA /* Assets.xcassets in Resources */,
				F5834BF720AB4E2F002DF8BA /* Main.storyboard in Resources */,
			);
			runOnlyForDeploymentPostprocessing = 0;
		};
/* End PBXResourcesBuildPhase section */

/* Begin PBXSourcesBuildPhase section */
		F5834BEA20AB4E2F002DF8BA /* Sources */ = {
			isa = PBXSourcesBuildPhase;
			buildActionMask = 2147483647;
			files = (
				F5834BF420AB4E2F002DF8BA /* ViewController.swift in Sources */,
				F5834BF220AB4E2F002DF8BA /* AppDelegate.swift in Sources */,
			);
			runOnlyForDeploymentPostprocessing = 0;
		};
/* End PBXSourcesBuildPhase section */

/* Begin PBXVariantGroup section */
		F5834BF520AB4E2F002DF8BA /* Main.storyboard */ = {
			isa = PBXVariantGroup;
			children = (
				F5834BF620AB4E2F002DF8BA /* Base */,
			);
			name = Main.storyboard;
			sourceTree = "<group>";
		};
		F5834BFA20AB4E36002DF8BA /* LaunchScreen.storyboard */ = {
			isa = PBXVariantGroup;
			children = (
				F5834BFB20AB4E36002DF8BA /* Base */,
			);
			name = LaunchScreen.storyboard;
			sourceTree = "<group>";
		};
/* End PBXVariantGroup section */

/* Begin XCBuildConfiguration section */
		F5834BFE20AB4E36002DF8BA /* Debug */ = {
			isa = XCBuildConfiguration;
			buildSettings = {
				ALWAYS_SEARCH_USER_PATHS = NO;
				CLANG_ANALYZER_NONNULL = YES;
				CLANG_ANALYZER_NUMBER_OBJECT_CONVERSION = YES_AGGRESSIVE;
				CLANG_CXX_LANGUAGE_STANDARD = "gnu++14";
				CLANG_CXX_LIBRARY = "libc++";
				CLANG_ENABLE_MODULES = YES;
				CLANG_ENABLE_OBJC_ARC = YES;
				CLANG_ENABLE_OBJC_WEAK = YES;
				CLANG_WARN_BLOCK_CAPTURE_AUTORELEASING = YES;
				CLANG_WARN_BOOL_CONVERSION = YES;
				CLANG_WARN_COMMA = YES;
				CLANG_WARN_CONSTANT_CONVERSION = YES;
				CLANG_WARN_DEPRECATED_OBJC_IMPLEMENTATIONS = YES;
				CLANG_WARN_DIRECT_OBJC_ISA_USAGE = YES_ERROR;
				CLANG_WARN_DOCUMENTATION_COMMENTS = YES;
				CLANG_WARN_EMPTY_BODY = YES;
				CLANG_WARN_ENUM_CONVERSION = YES;
				CLANG_WARN_INFINITE_RECURSION = YES;
				CLANG_WARN_INT_CONVERSION = YES;
				CLANG_WARN_NON_LITERAL_NULL_CONVERSION = YES;
				CLANG_WARN_OBJC_IMPLICIT_RETAIN_SELF = YES;
				CLANG_WARN_OBJC_LITERAL_CONVERSION = YES;
				CLANG_WARN_OBJC_ROOT_CLASS = YES_ERROR;
				CLANG_WARN_RANGE_LOOP_ANALYSIS = YES;
				CLANG_WARN_STRICT_PROTOTYPES = YES;
				CLANG_WARN_SUSPICIOUS_MOVE = YES;
				CLANG_WARN_UNGUARDED_AVAILABILITY = YES_AGGRESSIVE;
				CLANG_WARN_UNREACHABLE_CODE = YES;
				CLANG_WARN__DUPLICATE_METHOD_MATCH = YES;
				CODE_SIGN_IDENTITY = "iPhone Developer";
				COPY_PHASE_STRIP = NO;
				DEBUG_INFORMATION_FORMAT = dwarf;
				ENABLE_STRICT_OBJC_MSGSEND = YES;
				ENABLE_TESTABILITY = YES;
				GCC_C_LANGUAGE_STANDARD = gnu11;
				GCC_DYNAMIC_NO_PIC = NO;
				GCC_NO_COMMON_BLOCKS = YES;
				GCC_OPTIMIZATION_LEVEL = 0;
				GCC_PREPROCESSOR_DEFINITIONS = (
					"DEBUG=1",
					"$(inherited)",
				);
				GCC_WARN_64_TO_32_BIT_CONVERSION = YES;
				GCC_WARN_ABOUT_RETURN_TYPE = YES_ERROR;
				GCC_WARN_UNDECLARED_SELECTOR = YES;
				GCC_WARN_UNINITIALIZED_AUTOS = YES_AGGRESSIVE;
				GCC_WARN_UNUSED_FUNCTION = YES;
				GCC_WARN_UNUSED_VARIABLE = YES;
				IPHONEOS_DEPLOYMENT_TARGET = 11.3;
				MTL_ENABLE_DEBUG_INFO = YES;
				ONLY_ACTIVE_ARCH = YES;
				SDKROOT = iphoneos;
				SWIFT_ACTIVE_COMPILATION_CONDITIONS = DEBUG;
				SWIFT_OPTIMIZATION_LEVEL = "-Onone";
			};
			name = Debug;
		};
		F5834BFF20AB4E36002DF8BA /* Release */ = {
			isa = XCBuildConfiguration;
			buildSettings = {
				ALWAYS_SEARCH_USER_PATHS = NO;
				CLANG_ANALYZER_NONNULL = YES;
				CLANG_ANALYZER_NUMBER_OBJECT_CONVERSION = YES_AGGRESSIVE;
				CLANG_CXX_LANGUAGE_STANDARD = "gnu++14";
				CLANG_CXX_LIBRARY = "libc++";
				CLANG_ENABLE_MODULES = YES;
				CLANG_ENABLE_OBJC_ARC = YES;
				CLANG_ENABLE_OBJC_WEAK = YES;
				CLANG_WARN_BLOCK_CAPTURE_AUTORELEASING = YES;
				CLANG_WARN_BOOL_CONVERSION = YES;
				CLANG_WARN_COMMA = YES;
				CLANG_WARN_CONSTANT_CONVERSION = YES;
				CLANG_WARN_DEPRECATED_OBJC_IMPLEMENTATIONS = YES;
				CLANG_WARN_DIRECT_OBJC_ISA_USAGE = YES_ERROR;
				CLANG_WARN_DOCUMENTATION_COMMENTS = YES;
				CLANG_WARN_EMPTY_BODY = YES;
				CLANG_WARN_ENUM_CONVERSION = YES;
				CLANG_WARN_INFINITE_RECURSION = YES;
				CLANG_WARN_INT_CONVERSION = YES;
				CLANG_WARN_NON_LITERAL_NULL_CONVERSION = YES;
				CLANG_WARN_OBJC_IMPLICIT_RETAIN_SELF = YES;
				CLANG_WARN_OBJC_LITERAL_CONVERSION = YES;
				CLANG_WARN_OBJC_ROOT_CLASS = YES_ERROR;
				CLANG_WARN_RANGE_LOOP_ANALYSIS = YES;
				CLANG_WARN_STRICT_PROTOTYPES = YES;
				CLANG_WARN_SUSPICIOUS_MOVE = YES;
				CLANG_WARN_UNGUARDED_AVAILABILITY = YES_AGGRESSIVE;
				CLANG_WARN_UNREACHABLE_CODE = YES;
				CLANG_WARN__DUPLICATE_METHOD_MATCH = YES;
				CODE_SIGN_IDENTITY = "iPhone Developer";
				COPY_PHASE_STRIP = NO;
				DEBUG_INFORMATION_FORMAT = "dwarf-with-dsym";
				ENABLE_NS_ASSERTIONS = NO;
				ENABLE_STRICT_OBJC_MSGSEND = YES;
				GCC_C_LANGUAGE_STANDARD = gnu11;
				GCC_NO_COMMON_BLOCKS = YES;
				GCC_WARN_64_TO_32_BIT_CONVERSION = YES;
				GCC_WARN_ABOUT_RETURN_TYPE = YES_ERROR;
				GCC_WARN_UNDECLARED_SELECTOR = YES;
				GCC_WARN_UNINITIALIZED_AUTOS = YES_AGGRESSIVE;
				GCC_WARN_UNUSED_FUNCTION = YES;
				GCC_WARN_UNUSED_VARIABLE = YES;
				IPHONEOS_DEPLOYMENT_TARGET = 11.3;
				MTL_ENABLE_DEBUG_INFO = NO;
				SDKROOT = iphoneos;
				SWIFT_COMPILATION_MODE = wholemodule;
				SWIFT_OPTIMIZATION_LEVEL = "-O";
				VALIDATE_PRODUCT = YES;
			};
			name = Release;
		};
		F5834C0120AB4E36002DF8BA /* Debug */ = {
			isa = XCBuildConfiguration;
			buildSettings = {
				ASSETCATALOG_COMPILER_APPICON_NAME = AppIcon;
				CODE_SIGN_STYLE = Automatic;
				DEVELOPMENT_TEAM = Y2M3TGJYMN;
				INFOPLIST_FILE = VelkeiMiklosNYTMP/Info.plist;
				LD_RUNPATH_SEARCH_PATHS = (
					"$(inherited)",
					"@executable_path/Frameworks",
				);
				PRODUCT_BUNDLE_IDENTIFIER = com.neonatcore.VelkeiMiklosNYTMP;
				PRODUCT_NAME = "$(TARGET_NAME)";
				SWIFT_VERSION = 4.0;
				TARGETED_DEVICE_FAMILY = "1,2";
			};
			name = Debug;
		};
		F5834C0220AB4E36002DF8BA /* Release */ = {
			isa = XCBuildConfiguration;
			buildSettings = {
				ASSETCATALOG_COMPILER_APPICON_NAME = AppIcon;
				CODE_SIGN_STYLE = Automatic;
				DEVELOPMENT_TEAM = Y2M3TGJYMN;
				INFOPLIST_FILE = VelkeiMiklosNYTMP/Info.plist;
				LD_RUNPATH_SEARCH_PATHS = (
					"$(inherited)",
					"@executable_path/Frameworks",
				);
				PRODUCT_BUNDLE_IDENTIFIER = com.neonatcore.VelkeiMiklosNYTMP;
				PRODUCT_NAME = "$(TARGET_NAME)";
				SWIFT_VERSION = 4.0;
				TARGETED_DEVICE_FAMILY = "1,2";
			};
			name = Release;
		};
/* End XCBuildConfiguration section */

/* Begin XCConfigurationList section */
		F5834BE920AB4E2F002DF8BA /* Build configuration list for PBXProject "VelkeiMiklosNYTMP" */ = {
			isa = XCConfigurationList;
			buildConfigurations = (
				F5834BFE20AB4E36002DF8BA /* Debug */,
				F5834BFF20AB4E36002DF8BA /* Release */,
			);
			defaultConfigurationIsVisible = 0;
			defaultConfigurationName = Release;
		};
		F5834C0020AB4E36002DF8BA /* Build configuration list for PBXNativeTarget "VelkeiMiklosNYTMP" */ = {
			isa = XCConfigurationList;
			buildConfigurations = (
				F5834C0120AB4E36002DF8BA /* Debug */,
				F5834C0220AB4E36002DF8BA /* Release */,
			);
			defaultConfigurationIsVisible = 0;
			defaultConfigurationName = Release;
		};
/* End XCConfigurationList section */
	};
	rootObject = F5834BE620AB4E2F002DF8BA /* Project object */;
}
